<?xml version="1.0" encoding="utf-8"?>
<Project ToolsVersion="4.0" xmlns="http://schemas.microsoft.com/developer/msbuild/2003">
  <ItemGroup>
    <Filter Include="Source Files">
      <UniqueIdentifier>{4FC737F1-C7A5-4376-A066-2A32D752A2FF}</UniqueIdentifier>
      <Extensions>cpp;c;cc;cxx;def;odl;idl;hpj;bat;asm;asmx</Extensions>
    </Filter>
    <Filter Include="Resource Files">
      <UniqueIdentifier>{67DA6AB6-F800-4c08-8B7A-83BB121AAD01}</UniqueIdentifier>
      <Extensions>rc;ico;cur;bmp;dlg;rc2;rct;bin;rgs;gif;jpg;jpeg;jpe;resx;tiff;tif;png;wav;mfcribbon-ms</Extensions>
    </Filter>
    <Filter Include="Source Files\Engine">
      <UniqueIdentifier>{70d9af89-e9ab-4fda-a607-5fa5994c450d}</UniqueIdentifier>
    </Filter>
    <Filter Include="Source Files\Engine\Rendering">
      <UniqueIdentifier>{0e17065d-5962-476f-b874-0680eabd2bc8}</UniqueIdentifier>
    </Filter>
    <Filter Include="Source Files\Engine\Core">
      <UniqueIdentifier>{996fe436-8523-40a8-9fee-f2d7928c50eb}</UniqueIdentifier>
    </Filter>
    <Filter Include="Source Files\Engine\Physics">
      <UniqueIdentifier>{23ab63ee-6256-4d58-b749-a1071905fac7}</UniqueIdentifier>
    </Filter>
    <Filter Include="Source Files\Engine\Other">
      <UniqueIdentifier>{0d1e810a-5aeb-41d8-aa4e-22af550c6af5}</UniqueIdentifier>
    </Filter>
    <Filter Include="Header Files">
      <UniqueIdentifier>{93995380-89BD-4b04-88EB-625FBE52EBFB}</UniqueIdentifier>
      <Extensions>h;hpp;hxx;hm;inl;inc;xsd</Extensions>
    </Filter>
    <Filter Include="Header Files\Engine">
      <UniqueIdentifier>{b1eacf71-dfb2-4748-a506-b5c5c246eb68}</UniqueIdentifier>
    </Filter>
    <Filter Include="Header Files\Engine\Core">
      <UniqueIdentifier>{f16627fe-9630-4c70-835f-135393bc8264}</UniqueIdentifier>
    </Filter>
    <Filter Include="Header Files\Engine\Rendering">
      <UniqueIdentifier>{61054b37-1e6b-4beb-9d93-c64dccb02c41}</UniqueIdentifier>
    </Filter>
    <Filter Include="Header Files\Engine\Physics">
      <UniqueIdentifier>{0541c06e-4522-40b1-b2fd-3ddce72f7a23}</UniqueIdentifier>
    </Filter>
    <Filter Include="Header Files\Engine\Other">
      <UniqueIdentifier>{2b14bca8-36ce-4212-ac90-f1fe62846ea0}</UniqueIdentifier>
    </Filter>
    <Filter Include="Resource Files\Shaders">
      <UniqueIdentifier>{7042baf6-2950-43b4-97a3-2645a361c0f2}</UniqueIdentifier>
    </Filter>
    <Filter Include="Resource Files\Shaders\Rendering">
      <UniqueIdentifier>{19e26682-c673-43c7-9798-d1ba29fec473}</UniqueIdentifier>
    </Filter>
    <Filter Include="Resource Files\Shaders\Other">
      <UniqueIdentifier>{ccb8ee31-a536-42cf-9671-28f2bf244289}</UniqueIdentifier>
    </Filter>
  </ItemGroup>
  <ItemGroup>
    <ClCompile Include="Lab1.cpp">
      <Filter>Source Files\Engine\Core</Filter>
    </ClCompile>
    <ClCompile Include="Main.cpp">
      <Filter>Source Files\Engine\Core</Filter>
    </ClCompile>
    <ClCompile Include="Lab2.cpp">
      <Filter>Source Files\Engine\Core</Filter>
    </ClCompile>
    <ClCompile Include="RigidBody.cpp">
      <Filter>Source Files\Engine\Physics</Filter>
    </ClCompile>
    <ClCompile Include="RenderingLab1.cpp">
      <Filter>Source Files\Engine\Core</Filter>
    </ClCompile>
    <ClCompile Include="TextureLoader.cpp">
      <Filter>Source Files\Engine\Other</Filter>
    </ClCompile>
    <ClCompile Include="Mesh.cpp">
      <Filter>Source Files\Engine\Rendering</Filter>
    </ClCompile>
    <ClCompile Include="Texture.cpp">
      <Filter>Source Files\Engine\Rendering</Filter>
    </ClCompile>
    <ClCompile Include="ObjectBuffer.cpp">
      <Filter>Source Files\Engine\Rendering</Filter>
    </ClCompile>
    <ClCompile Include="Camera.cpp">
      <Filter>Source Files\Engine\Rendering</Filter>
    </ClCompile>
    <ClCompile Include="Window.cpp">
      <Filter>Source Files\Engine\Rendering</Filter>
    </ClCompile>
    <ClCompile Include="Lighting.cpp">
      <Filter>Source Files\Engine\Rendering</Filter>
    </ClCompile>
    <ClCompile Include="Lab3.cpp">
      <Filter>Source Files\Engine\Core</Filter>
    </ClCompile>
    <ClCompile Include="SimpleMesh.cpp">
      <Filter>Source Files\Engine\Rendering</Filter>
    </ClCompile>
    <ClCompile Include="MeshLoader.cpp">
      <Filter>Source Files\Engine\Rendering</Filter>
    </ClCompile>
    <ClCompile Include="Shader.cpp">
      <Filter>Source Files\Engine\Rendering</Filter>
    </ClCompile>
    <ClCompile Include="Lab4.cpp">
      <Filter>Source Files\Engine\Core</Filter>
    </ClCompile>
    <ClCompile Include="RenderingLab2.cpp">
      <Filter>Source Files\Engine\Core</Filter>
    </ClCompile>
    <ClCompile Include="CubeMapTexture.cpp">
      <Filter>Source Files\Engine\Rendering</Filter>
    </ClCompile>
  </ItemGroup>
  <ItemGroup>
    <ClInclude Include="Game.h">
      <Filter>Header Files\Engine\Core</Filter>
    </ClInclude>
    <ClInclude Include="RigidBody.h">
      <Filter>Header Files\Engine\Physics</Filter>
    </ClInclude>
    <ClInclude Include="TextureLoader.h">
      <Filter>Header Files\Engine\Other</Filter>
    </ClInclude>
    <ClInclude Include="Camera.h">
      <Filter>Header Files\Engine\Rendering</Filter>
    </ClInclude>
    <ClInclude Include="ObjectBuffer.h">
      <Filter>Header Files\Engine\Rendering</Filter>
    </ClInclude>
    <ClInclude Include="Texture.h">
      <Filter>Header Files\Engine\Rendering</Filter>
    </ClInclude>
    <ClInclude Include="Mesh.h">
      <Filter>Header Files\Engine\Rendering</Filter>
    </ClInclude>
    <ClInclude Include="Window.h">
      <Filter>Header Files\Engine\Rendering</Filter>
    </ClInclude>
    <ClInclude Include="Lighting.h">
      <Filter>Header Files\Engine\Rendering</Filter>
    </ClInclude>
    <ClInclude Include="Lab1.h">
      <Filter>Header Files\Engine\Core</Filter>
    </ClInclude>
    <ClInclude Include="Lab3.h">
      <Filter>Header Files\Engine\Core</Filter>
    </ClInclude>
    <ClInclude Include="Lab2.h">
      <Filter>Header Files\Engine\Core</Filter>
    </ClInclude>
    <ClInclude Include="RenderingLab1.h">
      <Filter>Header Files\Engine\Core</Filter>
    </ClInclude>
    <ClInclude Include="SimpleMesh.h">
      <Filter>Header Files\Engine\Rendering</Filter>
    </ClInclude>
    <ClInclude Include="MeshLoader.h">
      <Filter>Header Files\Engine\Rendering</Filter>
    </ClInclude>
    <ClInclude Include="Shader.h">
      <Filter>Header Files\Engine\Rendering</Filter>
    </ClInclude>
    <ClInclude Include="Lab4.h">
      <Filter>Header Files\Engine\Core</Filter>
    </ClInclude>
    <ClInclude Include="RenderingLab2.h">
      <Filter>Header Files\Engine\Core</Filter>
    </ClInclude>
    <ClInclude Include="CubeMapTexture.h">
      <Filter>Header Files\Engine\Rendering</Filter>
    </ClInclude>
  </ItemGroup>
  <ItemGroup>
    <None Include="..\Resources\Shaders\diffuse.vs">
      <Filter>Resource Files\Shaders\Other</Filter>
    </None>
    <None Include="..\Resources\Shaders\diffuse.ps">
      <Filter>Resource Files\Shaders\Other</Filter>
    </None>
    <None Include="..\Resources\Shaders\drawTest.ps">
      <Filter>Resource Files\Shaders\Other</Filter>
    </None>
    <None Include="..\Resources\Shaders\drawTest.vs">
      <Filter>Resource Files\Shaders\Other</Filter>
    </None>
    <None Include="..\Resources\Shaders\objWithTexture.ps">
      <Filter>Resource Files\Shaders\Rendering</Filter>
    </None>
    <None Include="..\Resources\Shaders\objNoTexture.ps">
      <Filter>Resource Files\Shaders\Rendering</Filter>
    </None>
    <None Include="..\Resources\Shaders\objNoTexture.vs">
      <Filter>Resource Files\Shaders\Rendering</Filter>
    </None>
    <None Include="..\Resources\Shaders\objWithTexture.vs">
      <Filter>Resource Files\Shaders\Rendering</Filter>
    </None>
    <None Include="..\Resources\Shaders\simpleFragmentShader.ps">
      <Filter>Resource Files\Shaders\Other</Filter>
    </None>
    <None Include="..\Resources\Shaders\simpleVertexShader.vs">
      <Filter>Resource Files\Shaders\Other</Filter>
    </None>
    <None Include="..\Resources\Shaders\textures.ps">
      <Filter>Resource Files\Shaders\Other</Filter>
    </None>
    <None Include="..\Resources\Shaders\textures.vs">
      <Filter>Resource Files\Shaders\Other</Filter>
    </None>
    <None Include="..\Resources\Shaders\Particle.vertexshader">
      <Filter>Resource Files\Shaders\Other</Filter>
    </None>
    <None Include="..\Resources\Shaders\Particle.fragmentshader">
      <Filter>Resource Files\Shaders\Other</Filter>
    </None>
    <None Include="..\Resources\Shaders\diff.ps">
      <Filter>Resource Files\Shaders\Rendering</Filter>
    </None>
    <None Include="..\Resources\Shaders\diff.vs">
      <Filter>Resource Files\Shaders\Rendering</Filter>
    </None>
    <None Include="..\Resources\Shaders\toon.ps">
      <Filter>Resource Files\Shaders\Rendering</Filter>
    </None>
    <None Include="..\Resources\Shaders\toon.vs">
      <Filter>Resource Files\Shaders\Rendering</Filter>
    </None>
    <None Include="..\Resources\Shaders\toonTextured.ps">
      <Filter>Resource Files\Shaders\Rendering</Filter>
    </None>
    <None Include="..\Resources\Shaders\toonTextured.vs">
      <Filter>Resource Files\Shaders\Rendering</Filter>
    </None>
    <None Include="..\Resources\Shaders\phongTextured.ps">
      <Filter>Resource Files\Shaders\Rendering</Filter>
    </None>
    <None Include="..\Resources\Shaders\phongTextured.vs">
      <Filter>Resource Files\Shaders\Rendering</Filter>
    </None>
    <None Include="..\Resources\Shaders\orennayar.ps">
      <Filter>Resource Files\Shaders\Rendering</Filter>
    </None>
    <None Include="..\Resources\Shaders\orennayar.vs">
      <Filter>Resource Files\Shaders\Rendering</Filter>
    </None>
    <None Include="..\Resources\Shaders\skybox.ps">
      <Filter>Resource Files\Shaders\Rendering</Filter>
    </None>
    <None Include="..\Resources\Shaders\skybox.vs">
      <Filter>Resource Files\Shaders\Rendering</Filter>
    </None>
  </ItemGroup>
</Project>